
Microsoft Visual Studio Solution File, Format Version 12.00
# Visual Studio 14
VisualStudioVersion = 14.0.25123.0
MinimumVisualStudioVersion = 10.0.40219.1
Project("{FAE04EC0-301F-11D3-BF4B-00C04F79EFBC}") = "UnitTestProject1", "UnitTestProject1\UnitTestProject1.csproj", "{A1917CC5-78A8-4800-BA55-B8D9977B61DE}"
EndProject
Project("{2150E333-8FDC-42A3-9474-1A3956D46DE8}") = "Pipes", "Pipes", "{0ED7495B-4A06-4835-A160-8F3F8AE67C7B}"
EndProject
Project("{FAE04EC0-301F-11D3-BF4B-00C04F79EFBC}") = "Client", "Client\Client.csproj", "{F5D1DC2D-8B1F-4967-841C-3BDE5950FD8C}"
EndProject
Project("{FAE04EC0-301F-11D3-BF4B-00C04F79EFBC}") = "Server", "Server\Server.csproj", "{5C94CD4A-1804-4C37-8D8C-48EFCDF3D3A4}"
EndProject
Global
	GlobalSection(SolutionConfigurationPlatforms) = preSolution
		Debug|Any CPU = Debug|Any CPU
		Release|Any CPU = Release|Any CPU
	EndGlobalSection
	GlobalSection(ProjectConfigurationPlatforms) = postSolution
		{A1917CC5-78A8-4800-BA55-B8D9977B61DE}.Debug|Any CPU.ActiveCfg = Debug|Any CPU
		{A1917CC5-78A8-4800-BA55-B8D9977B61DE}.Debug|Any CPU.Build.0 = Debug|Any CPU
		{A1917CC5-78A8-4800-BA55-B8D9977B61DE}.Release|Any CPU.ActiveCfg = Release|Any CPU
		{A1917CC5-78A8-4800-BA55-B8D9977B61DE}.Release|Any CPU.Build.0 = Release|Any CPU
		{F5D1DC2D-8B1F-4967-841C-3BDE5950FD8C}.Debug|Any CPU.ActiveCfg = Debug|Any CPU
		{F5D1DC2D-8B1F-4967-841C-3BDE5950FD8C}.Debug|Any CPU.Build.0 = Debug|Any CPU
		{F5D1DC2D-8B1F-4967-841C-3BDE5950FD8C}.Release|Any CPU.ActiveCfg = Release|Any CPU
		{F5D1DC2D-8B1F-4967-841C-3BDE5950FD8C}.Release|Any CPU.Build.0 = Release|Any CPU
		{5C94CD4A-1804-4C37-8D8C-48EFCDF3D3A4}.Debug|Any CPU.ActiveCfg = Debug|Any CPU
		{5C94CD4A-1804-4C37-8D8C-48EFCDF3D3A4}.Debug|Any CPU.Build.0 = Debug|Any CPU
		{5C94CD4A-1804-4C37-8D8C-48EFCDF3D3A4}.Release|Any CPU.ActiveCfg = Release|Any CPU
		{5C94CD4A-1804-4C37-8D8C-48EFCDF3D3A4}.Release|Any CPU.Build.0 = Release|Any CPU
	EndGlobalSection
	GlobalSection(SolutionProperties) = preSolution
		HideSolutionNode = FALSE
	EndGlobalSection
	GlobalSection(NestedProjects) = preSolution
		{F5D1DC2D-8B1F-4967-841C-3BDE5950FD8C} = {0ED7495B-4A06-4835-A160-8F3F8AE67C7B}
		{5C94CD4A-1804-4C37-8D8C-48EFCDF3D3A4} = {0ED7495B-4A06-4835-A160-8F3F8AE67C7B}
	EndGlobalSection
EndGlobal
