
Microsoft Visual Studio Solution File, Format Version 12.00
# Visual Studio 14
VisualStudioVersion = 14.0.25123.0
MinimumVisualStudioVersion = 10.0.40219.1
Project("{FAE04EC0-301F-11D3-BF4B-00C04F79EFBC}") = "UnitTestProject1", "UnitTestProject1\UnitTestProject1.csproj", "{A1917CC5-78A8-4800-BA55-B8D9977B61DE}"
EndProject
Project("{2150E333-8FDC-42A3-9474-1A3956D46DE8}") = "Pipes", "Pipes", "{0ED7495B-4A06-4835-A160-8F3F8AE67C7B}"
EndProject
Project("{FAE04EC0-301F-11D3-BF4B-00C04F79EFBC}") = "Client", "Client\Client.csproj", "{F5D1DC2D-8B1F-4967-841C-3BDE5950FD8C}"
EndProject
Project("{FAE04EC0-301F-11D3-BF4B-00C04F79EFBC}") = "Server", "Server\Server.csproj", "{5C94CD4A-1804-4C37-8D8C-48EFCDF3D3A4}"
EndProject
Project("{2150E333-8FDC-42A3-9474-1A3956D46DE8}") = "Web Streams", "Web Streams", "{3A58A422-8B7A-4720-8CEF-EFC2ACE7BC04}"
EndProject
Project("{FAE04EC0-301F-11D3-BF4B-00C04F79EFBC}") = "SimpleApp", "SimpleApp\SimpleApp.csproj", "{515A432F-841E-42D9-877D-E0C1824B71CB}"
EndProject
Project("{FAE04EC0-301F-11D3-BF4B-00C04F79EFBC}") = "WebRequest", "WebRequest\WebRequest.csproj", "{57659572-23C2-41AE-A483-0806090B125E}"
EndProject
Project("{FAE04EC0-301F-11D3-BF4B-00C04F79EFBC}") = "WebClient", "WebClient\WebClient.csproj", "{A77E43CD-ED62-40C3-8729-DCE14029C4DC}"
EndProject
Project("{FAE04EC0-301F-11D3-BF4B-00C04F79EFBC}") = "TcpClient", "TcpClient\TcpClient.csproj", "{9318EFB5-4D03-4AE5-AA77-B9B216041839}"
EndProject
Project("{FAE04EC0-301F-11D3-BF4B-00C04F79EFBC}") = "TcpServer", "TcpServer\TcpServer.csproj", "{D06ADB9D-7694-4C98-BDAD-9E1FD6AF698E}"
EndProject
Project("{2150E333-8FDC-42A3-9474-1A3956D46DE8}") = "Decorator Streams", "Decorator Streams", "{1704CC25-6BD3-4240-B765-0FD047F5B692}"
EndProject
Project("{FAE04EC0-301F-11D3-BF4B-00C04F79EFBC}") = "DecoratorServer", "DecoratorServer\DecoratorServer.csproj", "{D562419F-0C7D-4A74-A857-BF65DF76CB42}"
EndProject
Project("{FAE04EC0-301F-11D3-BF4B-00C04F79EFBC}") = "DecoratorClient", "DecoratorClient\DecoratorClient.csproj", "{4E5E5EA4-7CDB-472B-B008-C32F7D730F65}"
EndProject
Project("{FAE04EC0-301F-11D3-BF4B-00C04F79EFBC}") = "Compress", "Compress\Compress.csproj", "{75E51102-6390-416F-92CC-F1C28B865DC2}"
EndProject
Project("{FAE04EC0-301F-11D3-BF4B-00C04F79EFBC}") = "EncryptionStream", "EncryptionStream\EncryptionStream.csproj", "{207148A7-D819-4146-940E-86BBEAB69C9A}"
EndProject
Global
	GlobalSection(SolutionConfigurationPlatforms) = preSolution
		Debug|Any CPU = Debug|Any CPU
		Release|Any CPU = Release|Any CPU
	EndGlobalSection
	GlobalSection(ProjectConfigurationPlatforms) = postSolution
		{A1917CC5-78A8-4800-BA55-B8D9977B61DE}.Debug|Any CPU.ActiveCfg = Debug|Any CPU
		{A1917CC5-78A8-4800-BA55-B8D9977B61DE}.Debug|Any CPU.Build.0 = Debug|Any CPU
		{A1917CC5-78A8-4800-BA55-B8D9977B61DE}.Release|Any CPU.ActiveCfg = Release|Any CPU
		{A1917CC5-78A8-4800-BA55-B8D9977B61DE}.Release|Any CPU.Build.0 = Release|Any CPU
		{F5D1DC2D-8B1F-4967-841C-3BDE5950FD8C}.Debug|Any CPU.ActiveCfg = Debug|Any CPU
		{F5D1DC2D-8B1F-4967-841C-3BDE5950FD8C}.Debug|Any CPU.Build.0 = Debug|Any CPU
		{F5D1DC2D-8B1F-4967-841C-3BDE5950FD8C}.Release|Any CPU.ActiveCfg = Release|Any CPU
		{F5D1DC2D-8B1F-4967-841C-3BDE5950FD8C}.Release|Any CPU.Build.0 = Release|Any CPU
		{5C94CD4A-1804-4C37-8D8C-48EFCDF3D3A4}.Debug|Any CPU.ActiveCfg = Debug|Any CPU
		{5C94CD4A-1804-4C37-8D8C-48EFCDF3D3A4}.Debug|Any CPU.Build.0 = Debug|Any CPU
		{5C94CD4A-1804-4C37-8D8C-48EFCDF3D3A4}.Release|Any CPU.ActiveCfg = Release|Any CPU
		{5C94CD4A-1804-4C37-8D8C-48EFCDF3D3A4}.Release|Any CPU.Build.0 = Release|Any CPU
		{515A432F-841E-42D9-877D-E0C1824B71CB}.Debug|Any CPU.ActiveCfg = Debug|Any CPU
		{515A432F-841E-42D9-877D-E0C1824B71CB}.Debug|Any CPU.Build.0 = Debug|Any CPU
		{515A432F-841E-42D9-877D-E0C1824B71CB}.Release|Any CPU.ActiveCfg = Release|Any CPU
		{515A432F-841E-42D9-877D-E0C1824B71CB}.Release|Any CPU.Build.0 = Release|Any CPU
		{57659572-23C2-41AE-A483-0806090B125E}.Debug|Any CPU.ActiveCfg = Debug|Any CPU
		{57659572-23C2-41AE-A483-0806090B125E}.Debug|Any CPU.Build.0 = Debug|Any CPU
		{57659572-23C2-41AE-A483-0806090B125E}.Release|Any CPU.ActiveCfg = Release|Any CPU
		{57659572-23C2-41AE-A483-0806090B125E}.Release|Any CPU.Build.0 = Release|Any CPU
		{A77E43CD-ED62-40C3-8729-DCE14029C4DC}.Debug|Any CPU.ActiveCfg = Debug|Any CPU
		{A77E43CD-ED62-40C3-8729-DCE14029C4DC}.Debug|Any CPU.Build.0 = Debug|Any CPU
		{A77E43CD-ED62-40C3-8729-DCE14029C4DC}.Release|Any CPU.ActiveCfg = Release|Any CPU
		{A77E43CD-ED62-40C3-8729-DCE14029C4DC}.Release|Any CPU.Build.0 = Release|Any CPU
		{9318EFB5-4D03-4AE5-AA77-B9B216041839}.Debug|Any CPU.ActiveCfg = Debug|Any CPU
		{9318EFB5-4D03-4AE5-AA77-B9B216041839}.Debug|Any CPU.Build.0 = Debug|Any CPU
		{9318EFB5-4D03-4AE5-AA77-B9B216041839}.Release|Any CPU.ActiveCfg = Release|Any CPU
		{9318EFB5-4D03-4AE5-AA77-B9B216041839}.Release|Any CPU.Build.0 = Release|Any CPU
		{D06ADB9D-7694-4C98-BDAD-9E1FD6AF698E}.Debug|Any CPU.ActiveCfg = Debug|Any CPU
		{D06ADB9D-7694-4C98-BDAD-9E1FD6AF698E}.Debug|Any CPU.Build.0 = Debug|Any CPU
		{D06ADB9D-7694-4C98-BDAD-9E1FD6AF698E}.Release|Any CPU.ActiveCfg = Release|Any CPU
		{D06ADB9D-7694-4C98-BDAD-9E1FD6AF698E}.Release|Any CPU.Build.0 = Release|Any CPU
		{D562419F-0C7D-4A74-A857-BF65DF76CB42}.Debug|Any CPU.ActiveCfg = Debug|Any CPU
		{D562419F-0C7D-4A74-A857-BF65DF76CB42}.Debug|Any CPU.Build.0 = Debug|Any CPU
		{D562419F-0C7D-4A74-A857-BF65DF76CB42}.Release|Any CPU.ActiveCfg = Release|Any CPU
		{D562419F-0C7D-4A74-A857-BF65DF76CB42}.Release|Any CPU.Build.0 = Release|Any CPU
		{4E5E5EA4-7CDB-472B-B008-C32F7D730F65}.Debug|Any CPU.ActiveCfg = Debug|Any CPU
		{4E5E5EA4-7CDB-472B-B008-C32F7D730F65}.Debug|Any CPU.Build.0 = Debug|Any CPU
		{4E5E5EA4-7CDB-472B-B008-C32F7D730F65}.Release|Any CPU.ActiveCfg = Release|Any CPU
		{4E5E5EA4-7CDB-472B-B008-C32F7D730F65}.Release|Any CPU.Build.0 = Release|Any CPU
		{75E51102-6390-416F-92CC-F1C28B865DC2}.Debug|Any CPU.ActiveCfg = Debug|Any CPU
		{75E51102-6390-416F-92CC-F1C28B865DC2}.Debug|Any CPU.Build.0 = Debug|Any CPU
		{75E51102-6390-416F-92CC-F1C28B865DC2}.Release|Any CPU.ActiveCfg = Release|Any CPU
		{75E51102-6390-416F-92CC-F1C28B865DC2}.Release|Any CPU.Build.0 = Release|Any CPU
		{207148A7-D819-4146-940E-86BBEAB69C9A}.Debug|Any CPU.ActiveCfg = Debug|Any CPU
		{207148A7-D819-4146-940E-86BBEAB69C9A}.Debug|Any CPU.Build.0 = Debug|Any CPU
		{207148A7-D819-4146-940E-86BBEAB69C9A}.Release|Any CPU.ActiveCfg = Release|Any CPU
		{207148A7-D819-4146-940E-86BBEAB69C9A}.Release|Any CPU.Build.0 = Release|Any CPU
	EndGlobalSection
	GlobalSection(SolutionProperties) = preSolution
		HideSolutionNode = FALSE
	EndGlobalSection
	GlobalSection(NestedProjects) = preSolution
		{F5D1DC2D-8B1F-4967-841C-3BDE5950FD8C} = {0ED7495B-4A06-4835-A160-8F3F8AE67C7B}
		{5C94CD4A-1804-4C37-8D8C-48EFCDF3D3A4} = {0ED7495B-4A06-4835-A160-8F3F8AE67C7B}
		{515A432F-841E-42D9-877D-E0C1824B71CB} = {3A58A422-8B7A-4720-8CEF-EFC2ACE7BC04}
		{57659572-23C2-41AE-A483-0806090B125E} = {3A58A422-8B7A-4720-8CEF-EFC2ACE7BC04}
		{A77E43CD-ED62-40C3-8729-DCE14029C4DC} = {3A58A422-8B7A-4720-8CEF-EFC2ACE7BC04}
		{9318EFB5-4D03-4AE5-AA77-B9B216041839} = {3A58A422-8B7A-4720-8CEF-EFC2ACE7BC04}
		{D06ADB9D-7694-4C98-BDAD-9E1FD6AF698E} = {3A58A422-8B7A-4720-8CEF-EFC2ACE7BC04}
		{D562419F-0C7D-4A74-A857-BF65DF76CB42} = {1704CC25-6BD3-4240-B765-0FD047F5B692}
		{4E5E5EA4-7CDB-472B-B008-C32F7D730F65} = {1704CC25-6BD3-4240-B765-0FD047F5B692}
		{75E51102-6390-416F-92CC-F1C28B865DC2} = {1704CC25-6BD3-4240-B765-0FD047F5B692}
		{207148A7-D819-4146-940E-86BBEAB69C9A} = {1704CC25-6BD3-4240-B765-0FD047F5B692}
	EndGlobalSection
EndGlobal
